// !$*UTF8*$!
{
	archiveVersion = 1;
	classes = {
	};
	objectVersion = 56;
	objects = {

/* Begin PBXBuildFile section */
		88AF13B12A0A69870055C796 /* AppDelegate.swift in Sources */ = {isa = PBXBuildFile; fileRef = 88AF13B02A0A69870055C796 /* AppDelegate.swift */; };
		88AF13B32A0A69870055C796 /* SceneDelegate.swift in Sources */ = {isa = PBXBuildFile; fileRef = 88AF13B22A0A69870055C796 /* SceneDelegate.swift */; };
		88AF13B52A0A69870055C796 /* ViewController.swift in Sources */ = {isa = PBXBuildFile; fileRef = 88AF13B42A0A69870055C796 /* ViewController.swift */; };
		88AF13BA2A0A69890055C796 /* Assets.xcassets in Resources */ = {isa = PBXBuildFile; fileRef = 88AF13B92A0A69890055C796 /* Assets.xcassets */; };
		88AF13BD2A0A69890055C796 /* LaunchScreen.storyboard in Resources */ = {isa = PBXBuildFile; fileRef = 88AF13BB2A0A69890055C796 /* LaunchScreen.storyboard */; };
		88AF13C72A0A6B8E0055C796 /* PokeApi.swift in Sources */ = {isa = PBXBuildFile; fileRef = 88AF13C62A0A6B8E0055C796 /* PokeApi.swift */; };
		88AF13CA2A0A6BD10055C796 /* Pokemon.swift in Sources */ = {isa = PBXBuildFile; fileRef = 88AF13C92A0A6BD10055C796 /* Pokemon.swift */; };
		88AF13CC2A0A6C1E0055C796 /* PokemonListViewModel.swift in Sources */ = {isa = PBXBuildFile; fileRef = 88AF13CB2A0A6C1E0055C796 /* PokemonListViewModel.swift */; };
		88AF13CE2A0A6CD30055C796 /* PokemonViewCell.swift in Sources */ = {isa = PBXBuildFile; fileRef = 88AF13CD2A0A6CD30055C796 /* PokemonViewCell.swift */; };
		88AF13D12A0A836B0055C796 /* LoadingView.swift in Sources */ = {isa = PBXBuildFile; fileRef = 88AF13D02A0A836B0055C796 /* LoadingView.swift */; };
		88AF13D42A0AEEC80055C796 /* Kingfisher in Frameworks */ = {isa = PBXBuildFile; productRef = 88AF13D32A0AEEC80055C796 /* Kingfisher */; };
/* End PBXBuildFile section */

/* Begin PBXFileReference section */
		88AF13AD2A0A69870055C796 /* PokeApi.app */ = {isa = PBXFileReference; explicitFileType = wrapper.application; includeInIndex = 0; path = PokeApi.app; sourceTree = BUILT_PRODUCTS_DIR; };
		88AF13B02A0A69870055C796 /* AppDelegate.swift */ = {isa = PBXFileReference; lastKnownFileType = sourcecode.swift; path = AppDelegate.swift; sourceTree = "<group>"; };
		88AF13B22A0A69870055C796 /* SceneDelegate.swift */ = {isa = PBXFileReference; lastKnownFileType = sourcecode.swift; path = SceneDelegate.swift; sourceTree = "<group>"; };
		88AF13B42A0A69870055C796 /* ViewController.swift */ = {isa = PBXFileReference; lastKnownFileType = sourcecode.swift; path = ViewController.swift; sourceTree = "<group>"; };
		88AF13B92A0A69890055C796 /* Assets.xcassets */ = {isa = PBXFileReference; lastKnownFileType = folder.assetcatalog; path = Assets.xcassets; sourceTree = "<group>"; };
		88AF13BC2A0A69890055C796 /* Base */ = {isa = PBXFileReference; lastKnownFileType = file.storyboard; name = Base; path = Base.lproj/LaunchScreen.storyboard; sourceTree = "<group>"; };
		88AF13BE2A0A69890055C796 /* Info.plist */ = {isa = PBXFileReference; lastKnownFileType = text.plist.xml; path = Info.plist; sourceTree = "<group>"; };
		88AF13C62A0A6B8E0055C796 /* PokeApi.swift */ = {isa = PBXFileReference; lastKnownFileType = sourcecode.swift; path = PokeApi.swift; sourceTree = "<group>"; };
		88AF13C92A0A6BD10055C796 /* Pokemon.swift */ = {isa = PBXFileReference; lastKnownFileType = sourcecode.swift; path = Pokemon.swift; sourceTree = "<group>"; };
		88AF13CB2A0A6C1E0055C796 /* PokemonListViewModel.swift */ = {isa = PBXFileReference; lastKnownFileType = sourcecode.swift; path = PokemonListViewModel.swift; sourceTree = "<group>"; };
		88AF13CD2A0A6CD30055C796 /* PokemonViewCell.swift */ = {isa = PBXFileReference; lastKnownFileType = sourcecode.swift; path = PokemonViewCell.swift; sourceTree = "<group>"; };
		88AF13D02A0A836B0055C796 /* LoadingView.swift */ = {isa = PBXFileReference; lastKnownFileType = sourcecode.swift; path = LoadingView.swift; sourceTree = "<group>"; };
/* End PBXFileReference section */

/* Begin PBXFrameworksBuildPhase section */
		88AF13AA2A0A69870055C796 /* Frameworks */ = {
			isa = PBXFrameworksBuildPhase;
			buildActionMask = 2147483647;
			files = (
				88AF13D42A0AEEC80055C796 /* Kingfisher in Frameworks */,
			);
			runOnlyForDeploymentPostprocessing = 0;
		};
/* End PBXFrameworksBuildPhase section */

/* Begin PBXGroup section */
		88AF13A42A0A69870055C796 = {
			isa = PBXGroup;
			children = (
				88AF13AF2A0A69870055C796 /* PokeApi */,
				88AF13AE2A0A69870055C796 /* Products */,
			);
			sourceTree = "<group>";
		};
		88AF13AE2A0A69870055C796 /* Products */ = {
			isa = PBXGroup;
			children = (
				88AF13AD2A0A69870055C796 /* PokeApi.app */,
			);
			name = Products;
			sourceTree = "<group>";
		};
		88AF13AF2A0A69870055C796 /* PokeApi */ = {
			isa = PBXGroup;
			children = (
				88AF13CF2A0A83540055C796 /* Components */,
				88AF13C82A0A6BBD0055C796 /* Model */,
				88AF13C52A0A6B7C0055C796 /* Data */,
				88AF13C42A0A6B4D0055C796 /* Modules */,
				88AF13B02A0A69870055C796 /* AppDelegate.swift */,
				88AF13B22A0A69870055C796 /* SceneDelegate.swift */,
				88AF13B92A0A69890055C796 /* Assets.xcassets */,
				88AF13BB2A0A69890055C796 /* LaunchScreen.storyboard */,
				88AF13BE2A0A69890055C796 /* Info.plist */,
			);
			path = PokeApi;
			sourceTree = "<group>";
		};
		88AF13C42A0A6B4D0055C796 /* Modules */ = {
			isa = PBXGroup;
			children = (
				88AF13B42A0A69870055C796 /* ViewController.swift */,
				88AF13CB2A0A6C1E0055C796 /* PokemonListViewModel.swift */,
				88AF13CD2A0A6CD30055C796 /* PokemonViewCell.swift */,
			);
			path = Modules;
			sourceTree = "<group>";
		};
		88AF13C52A0A6B7C0055C796 /* Data */ = {
			isa = PBXGroup;
			children = (
				88AF13C62A0A6B8E0055C796 /* PokeApi.swift */,
			);
			path = Data;
			sourceTree = "<group>";
		};
		88AF13C82A0A6BBD0055C796 /* Model */ = {
			isa = PBXGroup;
			children = (
				88AF13C92A0A6BD10055C796 /* Pokemon.swift */,
			);
			path = Model;
			sourceTree = "<group>";
		};
		88AF13CF2A0A83540055C796 /* Components */ = {
			isa = PBXGroup;
			children = (
				88AF13D02A0A836B0055C796 /* LoadingView.swift */,
			);
			path = Components;
			sourceTree = "<group>";
		};
/* End PBXGroup section */

/* Begin PBXNativeTarget section */
		88AF13AC2A0A69870055C796 /* PokeApi */ = {
			isa = PBXNativeTarget;
			buildConfigurationList = 88AF13C12A0A69890055C796 /* Build configuration list for PBXNativeTarget "PokeApi" */;
			buildPhases = (
				88AF13A92A0A69870055C796 /* Sources */,
				88AF13AA2A0A69870055C796 /* Frameworks */,
				88AF13AB2A0A69870055C796 /* Resources */,
			);
			buildRules = (
			);
			dependencies = (
			);
			name = PokeApi;
			packageProductDependencies = (
				88AF13D32A0AEEC80055C796 /* Kingfisher */,
			);
			productName = PokeApi;
			productReference = 88AF13AD2A0A69870055C796 /* PokeApi.app */;
			productType = "com.apple.product-type.application";
		};
/* End PBXNativeTarget section */

/* Begin PBXProject section */
		88AF13A52A0A69870055C796 /* Project object */ = {
			isa = PBXProject;
			attributes = {
				BuildIndependentTargetsInParallel = 1;
				LastSwiftUpdateCheck = 1420;
				LastUpgradeCheck = 1420;
				TargetAttributes = {
					88AF13AC2A0A69870055C796 = {
						CreatedOnToolsVersion = 14.2;
					};
				};
			};
			buildConfigurationList = 88AF13A82A0A69870055C796 /* Build configuration list for PBXProject "PokeApi" */;
			compatibilityVersion = "Xcode 14.0";
			developmentRegion = en;
			hasScannedForEncodings = 0;
			knownRegions = (
				en,
				Base,
			);
			mainGroup = 88AF13A42A0A69870055C796;
			packageReferences = (
				88AF13D22A0AEEC80055C796 /* XCRemoteSwiftPackageReference "Kingfisher" */,
			);
			productRefGroup = 88AF13AE2A0A69870055C796 /* Products */;
			projectDirPath = "";
			projectRoot = "";
			targets = (
				88AF13AC2A0A69870055C796 /* PokeApi */,
			);
		};
/* End PBXProject section */

/* Begin PBXResourcesBuildPhase section */
		88AF13AB2A0A69870055C796 /* Resources */ = {
			isa = PBXResourcesBuildPhase;
			buildActionMask = 2147483647;
			files = (
				88AF13BD2A0A69890055C796 /* LaunchScreen.storyboard in Resources */,
				88AF13BA2A0A69890055C796 /* Assets.xcassets in Resources */,
			);
			runOnlyForDeploymentPostprocessing = 0;
		};
/* End PBXResourcesBuildPhase section */

/* Begin PBXSourcesBuildPhase section */
		88AF13A92A0A69870055C796 /* Sources */ = {
			isa = PBXSourcesBuildPhase;
			buildActionMask = 2147483647;
			files = (
				88AF13CA2A0A6BD10055C796 /* Pokemon.swift in Sources */,
				88AF13B52A0A69870055C796 /* ViewController.swift in Sources */,
				88AF13C72A0A6B8E0055C796 /* PokeApi.swift in Sources */,
				88AF13CE2A0A6CD30055C796 /* PokemonViewCell.swift in Sources */,
				88AF13B12A0A69870055C796 /* AppDelegate.swift in Sources */,
				88AF13D12A0A836B0055C796 /* LoadingView.swift in Sources */,
				88AF13CC2A0A6C1E0055C796 /* PokemonListViewModel.swift in Sources */,
				88AF13B32A0A69870055C796 /* SceneDelegate.swift in Sources */,
			);
			runOnlyForDeploymentPostprocessing = 0;
		};
/* End PBXSourcesBuildPhase section */

/* Begin PBXVariantGroup section */
		88AF13BB2A0A69890055C796 /* LaunchScreen.storyboard */ = {
			isa = PBXVariantGroup;
			children = (
				88AF13BC2A0A69890055C796 /* Base */,
			);
			name = LaunchScreen.storyboard;
			sourceTree = "<group>";
		};
/* End PBXVariantGroup section */

/* Begin XCBuildConfiguration section */
		88AF13BF2A0A69890055C796 /* Debug */ = {
			isa = XCBuildConfiguration;
			buildSettings = {
				ALWAYS_SEARCH_USER_PATHS = NO;
				CLANG_ANALYZER_NONNULL = YES;
				CLANG_ANALYZER_NUMBER_OBJECT_CONVERSION = YES_AGGRESSIVE;
				CLANG_CXX_LANGUAGE_STANDARD = "gnu++20";
				CLANG_ENABLE_MODULES = YES;
				CLANG_ENABLE_OBJC_ARC = YES;
				CLANG_ENABLE_OBJC_WEAK = YES;
				CLANG_WARN_BLOCK_CAPTURE_AUTORELEASING = YES;
				CLANG_WARN_BOOL_CONVERSION = YES;
				CLANG_WARN_COMMA = YES;
				CLANG_WARN_CONSTANT_CONVERSION = YES;
				CLANG_WARN_DEPRECATED_OBJC_IMPLEMENTATIONS = YES;
				CLANG_WARN_DIRECT_OBJC_ISA_USAGE = YES_ERROR;
				CLANG_WARN_DOCUMENTATION_COMMENTS = YES;
				CLANG_WARN_EMPTY_BODY = YES;
				CLANG_WARN_ENUM_CONVERSION = YES;
				CLANG_WARN_INFINITE_RECURSION = YES;
				CLANG_WARN_INT_CONVERSION = YES;
				CLANG_WARN_NON_LITERAL_NULL_CONVERSION = YES;
				CLANG_WARN_OBJC_IMPLICIT_RETAIN_SELF = YES;
				CLANG_WARN_OBJC_LITERAL_CONVERSION = YES;
				CLANG_WARN_OBJC_ROOT_CLASS = YES_ERROR;
				CLANG_WARN_QUOTED_INCLUDE_IN_FRAMEWORK_HEADER = YES;
				CLANG_WARN_RANGE_LOOP_ANALYSIS = YES;
				CLANG_WARN_STRICT_PROTOTYPES = YES;
				CLANG_WARN_SUSPICIOUS_MOVE = YES;
				CLANG_WARN_UNGUARDED_AVAILABILITY = YES_AGGRESSIVE;
				CLANG_WARN_UNREACHABLE_CODE = YES;
				CLANG_WARN__DUPLICATE_METHOD_MATCH = YES;
				COPY_PHASE_STRIP = NO;
				DEBUG_INFORMATION_FORMAT = dwarf;
				ENABLE_STRICT_OBJC_MSGSEND = YES;
				ENABLE_TESTABILITY = YES;
				GCC_C_LANGUAGE_STANDARD = gnu11;
				GCC_DYNAMIC_NO_PIC = NO;
				GCC_NO_COMMON_BLOCKS = YES;
				GCC_OPTIMIZATION_LEVEL = 0;
				GCC_PREPROCESSOR_DEFINITIONS = (
					"DEBUG=1",
					"$(inherited)",
				);
				GCC_WARN_64_TO_32_BIT_CONVERSION = YES;
				GCC_WARN_ABOUT_RETURN_TYPE = YES_ERROR;
				GCC_WARN_UNDECLARED_SELECTOR = YES;
				GCC_WARN_UNINITIALIZED_AUTOS = YES_AGGRESSIVE;
				GCC_WARN_UNUSED_FUNCTION = YES;
				GCC_WARN_UNUSED_VARIABLE = YES;
				IPHONEOS_DEPLOYMENT_TARGET = 16.2;
				MTL_ENABLE_DEBUG_INFO = INCLUDE_SOURCE;
				MTL_FAST_MATH = YES;
				ONLY_ACTIVE_ARCH = YES;
				SDKROOT = iphoneos;
				SWIFT_ACTIVE_COMPILATION_CONDITIONS = DEBUG;
				SWIFT_OPTIMIZATION_LEVEL = "-Onone";
			};
			name = Debug;
		};
		88AF13C02A0A69890055C796 /* Release */ = {
			isa = XCBuildConfiguration;
			buildSettings = {
				ALWAYS_SEARCH_USER_PATHS = NO;
				CLANG_ANALYZER_NONNULL = YES;
				CLANG_ANALYZER_NUMBER_OBJECT_CONVERSION = YES_AGGRESSIVE;
				CLANG_CXX_LANGUAGE_STANDARD = "gnu++20";
				CLANG_ENABLE_MODULES = YES;
				CLANG_ENABLE_OBJC_ARC = YES;
				CLANG_ENABLE_OBJC_WEAK = YES;
				CLANG_WARN_BLOCK_CAPTURE_AUTORELEASING = YES;
				CLANG_WARN_BOOL_CONVERSION = YES;
				CLANG_WARN_COMMA = YES;
				CLANG_WARN_CONSTANT_CONVERSION = YES;
				CLANG_WARN_DEPRECATED_OBJC_IMPLEMENTATIONS = YES;
				CLANG_WARN_DIRECT_OBJC_ISA_USAGE = YES_ERROR;
				CLANG_WARN_DOCUMENTATION_COMMENTS = YES;
				CLANG_WARN_EMPTY_BODY = YES;
				CLANG_WARN_ENUM_CONVERSION = YES;
				CLANG_WARN_INFINITE_RECURSION = YES;
				CLANG_WARN_INT_CONVERSION = YES;
				CLANG_WARN_NON_LITERAL_NULL_CONVERSION = YES;
				CLANG_WARN_OBJC_IMPLICIT_RETAIN_SELF = YES;
				CLANG_WARN_OBJC_LITERAL_CONVERSION = YES;
				CLANG_WARN_OBJC_ROOT_CLASS = YES_ERROR;
				CLANG_WARN_QUOTED_INCLUDE_IN_FRAMEWORK_HEADER = YES;
				CLANG_WARN_RANGE_LOOP_ANALYSIS = YES;
				CLANG_WARN_STRICT_PROTOTYPES = YES;
				CLANG_WARN_SUSPICIOUS_MOVE = YES;
				CLANG_WARN_UNGUARDED_AVAILABILITY = YES_AGGRESSIVE;
				CLANG_WARN_UNREACHABLE_CODE = YES;
				CLANG_WARN__DUPLICATE_METHOD_MATCH = YES;
				COPY_PHASE_STRIP = NO;
				DEBUG_INFORMATION_FORMAT = "dwarf-with-dsym";
				ENABLE_NS_ASSERTIONS = NO;
				ENABLE_STRICT_OBJC_MSGSEND = YES;
				GCC_C_LANGUAGE_STANDARD = gnu11;
				GCC_NO_COMMON_BLOCKS = YES;
				GCC_WARN_64_TO_32_BIT_CONVERSION = YES;
				GCC_WARN_ABOUT_RETURN_TYPE = YES_ERROR;
				GCC_WARN_UNDECLARED_SELECTOR = YES;
				GCC_WARN_UNINITIALIZED_AUTOS = YES_AGGRESSIVE;
				GCC_WARN_UNUSED_FUNCTION = YES;
				GCC_WARN_UNUSED_VARIABLE = YES;
				IPHONEOS_DEPLOYMENT_TARGET = 16.2;
				MTL_ENABLE_DEBUG_INFO = NO;
				MTL_FAST_MATH = YES;
				SDKROOT = iphoneos;
				SWIFT_COMPILATION_MODE = wholemodule;
				SWIFT_OPTIMIZATION_LEVEL = "-O";
				VALIDATE_PRODUCT = YES;
			};
			name = Release;
		};
		88AF13C22A0A69890055C796 /* Debug */ = {
			isa = XCBuildConfiguration;
			buildSettings = {
				ASSETCATALOG_COMPILER_APPICON_NAME = AppIcon;
				ASSETCATALOG_COMPILER_GLOBAL_ACCENT_COLOR_NAME = AccentColor;
				CODE_SIGN_STYLE = Automatic;
				CURRENT_PROJECT_VERSION = 1;
				DEVELOPMENT_TEAM = F5HVSCJRUK;
				GENERATE_INFOPLIST_FILE = YES;
				INFOPLIST_FILE = PokeApi/Info.plist;
				INFOPLIST_KEY_UIApplicationSupportsIndirectInputEvents = YES;
				INFOPLIST_KEY_UILaunchStoryboardName = LaunchScreen;
				INFOPLIST_KEY_UIMainStoryboardFile = "";
				INFOPLIST_KEY_UISupportedInterfaceOrientations_iPad = "UIInterfaceOrientationPortrait UIInterfaceOrientationPortraitUpsideDown UIInterfaceOrientationLandscapeLeft UIInterfaceOrientationLandscapeRight";
				INFOPLIST_KEY_UISupportedInterfaceOrientations_iPhone = "UIInterfaceOrientationPortrait UIInterfaceOrientationLandscapeLeft UIInterfaceOrientationLandscapeRight";
				LD_RUNPATH_SEARCH_PATHS = (
					"$(inherited)",
					"@executable_path/Frameworks",
				);
				MARKETING_VERSION = 1.0;
				PRODUCT_BUNDLE_IDENTIFIER = com.parris.PokeApi;
				PRODUCT_NAME = "$(TARGET_NAME)";
				SUPPORTED_PLATFORMS = "iphoneos iphonesimulator";
				SUPPORTS_MACCATALYST = NO;
				SUPPORTS_MAC_DESIGNED_FOR_IPHONE_IPAD = NO;
				SWIFT_EMIT_LOC_STRINGS = YES;
				SWIFT_VERSION = 5.0;
				TARGETED_DEVICE_FAMILY = 1;
			};
			name = Debug;
		};
		88AF13C32A0A69890055C796 /* Release */ = {
			isa = XCBuildConfiguration;
			buildSettings = {
				ASSETCATALOG_COMPILER_APPICON_NAME = AppIcon;
				ASSETCATALOG_COMPILER_GLOBAL_ACCENT_COLOR_NAME = AccentColor;
				CODE_SIGN_STYLE = Automatic;
				CURRENT_PROJECT_VERSION = 1;
				DEVELOPMENT_TEAM = F5HVSCJRUK;
				GENERATE_INFOPLIST_FILE = YES;
				INFOPLIST_FILE = PokeApi/Info.plist;
				INFOPLIST_KEY_UIApplicationSupportsIndirectInputEvents = YES;
				INFOPLIST_KEY_UILaunchStoryboardName = LaunchScreen;
				INFOPLIST_KEY_UIMainStoryboardFile = "";
				INFOPLIST_KEY_UISupportedInterfaceOrientations_iPad = "UIInterfaceOrientationPortrait UIInterfaceOrientationPortraitUpsideDown UIInterfaceOrientationLandscapeLeft UIInterfaceOrientationLandscapeRight";
				INFOPLIST_KEY_UISupportedInterfaceOrientations_iPhone = "UIInterfaceOrientationPortrait UIInterfaceOrientationLandscapeLeft UIInterfaceOrientationLandscapeRight";
				LD_RUNPATH_SEARCH_PATHS = (
					"$(inherited)",
					"@executable_path/Frameworks",
				);
				MARKETING_VERSION = 1.0;
				PRODUCT_BUNDLE_IDENTIFIER = com.parris.PokeApi;
				PRODUCT_NAME = "$(TARGET_NAME)";
				SUPPORTED_PLATFORMS = "iphoneos iphonesimulator";
				SUPPORTS_MACCATALYST = NO;
				SUPPORTS_MAC_DESIGNED_FOR_IPHONE_IPAD = NO;
				SWIFT_EMIT_LOC_STRINGS = YES;
				SWIFT_VERSION = 5.0;
				TARGETED_DEVICE_FAMILY = 1;
			};
			name = Release;
		};
/* End XCBuildConfiguration section */

/* Begin XCConfigurationList section */
		88AF13A82A0A69870055C796 /* Build configuration list for PBXProject "PokeApi" */ = {
			isa = XCConfigurationList;
			buildConfigurations = (
				88AF13BF2A0A69890055C796 /* Debug */,
				88AF13C02A0A69890055C796 /* Release */,
			);
			defaultConfigurationIsVisible = 0;
			defaultConfigurationName = Release;
		};
		88AF13C12A0A69890055C796 /* Build configuration list for PBXNativeTarget "PokeApi" */ = {
			isa = XCConfigurationList;
			buildConfigurations = (
				88AF13C22A0A69890055C796 /* Debug */,
				88AF13C32A0A69890055C796 /* Release */,
			);
			defaultConfigurationIsVisible = 0;
			defaultConfigurationName = Release;
		};
/* End XCConfigurationList section */

/* Begin XCRemoteSwiftPackageReference section */
		88AF13D22A0AEEC80055C796 /* XCRemoteSwiftPackageReference "Kingfisher" */ = {
			isa = XCRemoteSwiftPackageReference;
			repositoryURL = "https://github.com/onevcat/Kingfisher.git";
			requirement = {
				kind = upToNextMajorVersion;
				minimumVersion = 7.0.0;
			};
		};
/* End XCRemoteSwiftPackageReference section */

/* Begin XCSwiftPackageProductDependency section */
		88AF13D32A0AEEC80055C796 /* Kingfisher */ = {
			isa = XCSwiftPackageProductDependency;
			package = 88AF13D22A0AEEC80055C796 /* XCRemoteSwiftPackageReference "Kingfisher" */;
			productName = Kingfisher;
		};
/* End XCSwiftPackageProductDependency section */
	};
	rootObject = 88AF13A52A0A69870055C796 /* Project object */;
}
